Microsoft Visual Studio Solution File, Format Version 11.00
# Visual Studio 2008

Project("{6726528F-4E78-5662-1DBA-95DC4F2D4208}") = "ProjectGameUnity", "Assembly-CSharp.csproj", "{5A124A2F-722D-68D9-B02C-21C47C7C135D}"
EndProject
Global
	GlobalSection(SolutionConfigurationPlatforms) = preSolution
		Debug|Any CPU = Debug|Any CPU
		Release|Any CPU = Release|Any CPU
	EndGlobalSection
	GlobalSection(ProjectConfigurationPlatforms) = postSolution
		{5A124A2F-722D-68D9-B02C-21C47C7C135D}.Debug|Any CPU.ActiveCfg = Debug|Any CPU
		{5A124A2F-722D-68D9-B02C-21C47C7C135D}.Debug|Any CPU.Build.0 = Debug|Any CPU
		{5A124A2F-722D-68D9-B02C-21C47C7C135D}.Release|Any CPU.ActiveCfg = Release|Any CPU
		{5A124A2F-722D-68D9-B02C-21C47C7C135D}.Release|Any CPU.Build.0 = Release|Any CPU
	EndGlobalSection
	GlobalSection(SolutionProperties) = preSolution
		HideSolutionNode = FALSE
	EndGlobalSection
	GlobalSection(MonoDevelopProperties) = preSolution
		StartupItem = Assembly-CSharp.csproj
	EndGlobalSection
EndGlobal
